
Microsoft Visual Studio Solution File, Format Version 12.00
# Visual Studio Version 16
VisualStudioVersion = 16.0.29905.134
MinimumVisualStudioVersion = 10.0.40219.1
Project("{FAE04EC0-301F-11D3-BF4B-00C04F79EFBC}") = "MyHttpClient", "MyHttpClient\MyHttpClient.csproj", "{16DEB209-9827-44E4-A6A3-7CE11A6414D1}"
EndProject
Global
	GlobalSection(SolutionConfigurationPlatforms) = preSolution
		Debug|Any CPU = Debug|Any CPU
		Release|Any CPU = Release|Any CPU
	EndGlobalSection
	GlobalSection(ProjectConfigurationPlatforms) = postSolution
		{16DEB209-9827-44E4-A6A3-7CE11A6414D1}.Debug|Any CPU.ActiveCfg = Debug|Any CPU
		{16DEB209-9827-44E4-A6A3-7CE11A6414D1}.Debug|Any CPU.Build.0 = Debug|Any CPU
		{16DEB209-9827-44E4-A6A3-7CE11A6414D1}.Release|Any CPU.ActiveCfg = Release|Any CPU
		{16DEB209-9827-44E4-A6A3-7CE11A6414D1}.Release|Any CPU.Build.0 = Release|Any CPU
	EndGlobalSection
	GlobalSection(SolutionProperties) = preSolution
		HideSolutionNode = FALSE
	EndGlobalSection
	GlobalSection(ExtensibilityGlobals) = postSolution
		SolutionGuid = {E22BB2B2-13A4-43B7-BA44-AAEDA070ADC6}
	EndGlobalSection
EndGlobal
